// !$*UTF8*$!
{
	archiveVersion = 1;
	classes = {
	};
	objectVersion = 56;
	objects = {

/* Begin PBXBuildFile section */
		5E787B372A1A185A002CFA4F /* FuntiplyApp.swift in Sources */ = {isa = PBXBuildFile; fileRef = 5E787B362A1A185A002CFA4F /* FuntiplyApp.swift */; };
		5E787B392A1A185A002CFA4F /* ContentView.swift in Sources */ = {isa = PBXBuildFile; fileRef = 5E787B382A1A185A002CFA4F /* ContentView.swift */; };
		5E787B3B2A1A185B002CFA4F /* Assets.xcassets in Resources */ = {isa = PBXBuildFile; fileRef = 5E787B3A2A1A185B002CFA4F /* Assets.xcassets */; };
		5E787B3E2A1A185B002CFA4F /* Preview Assets.xcassets in Resources */ = {isa = PBXBuildFile; fileRef = 5E787B3D2A1A185B002CFA4F /* Preview Assets.xcassets */; };
		5EE3D8ED2ACEADE000EB584D /* RectangleImage.swift in Sources */ = {isa = PBXBuildFile; fileRef = 5EE3D8EC2ACEADE000EB584D /* RectangleImage.swift */; };
		5EE3D8EF2ACEAE0400EB584D /* CircleImage.swift in Sources */ = {isa = PBXBuildFile; fileRef = 5EE3D8EE2ACEAE0400EB584D /* CircleImage.swift */; };
		5EE3D8F12ACEAEA300EB584D /* Question.swift in Sources */ = {isa = PBXBuildFile; fileRef = 5EE3D8F02ACEAEA300EB584D /* Question.swift */; };
		5EE3D8F32ACEAF3700EB584D /* QuestionView.swift in Sources */ = {isa = PBXBuildFile; fileRef = 5EE3D8F22ACEAF3700EB584D /* QuestionView.swift */; };
/* End PBXBuildFile section */

/* Begin PBXFileReference section */
		5E787B332A1A185A002CFA4F /* Funtiply.app */ = {isa = PBXFileReference; explicitFileType = wrapper.application; includeInIndex = 0; path = Funtiply.app; sourceTree = BUILT_PRODUCTS_DIR; };
		5E787B362A1A185A002CFA4F /* FuntiplyApp.swift */ = {isa = PBXFileReference; lastKnownFileType = sourcecode.swift; path = FuntiplyApp.swift; sourceTree = "<group>"; };
		5E787B382A1A185A002CFA4F /* ContentView.swift */ = {isa = PBXFileReference; lastKnownFileType = sourcecode.swift; path = ContentView.swift; sourceTree = "<group>"; };
		5E787B3A2A1A185B002CFA4F /* Assets.xcassets */ = {isa = PBXFileReference; lastKnownFileType = folder.assetcatalog; path = Assets.xcassets; sourceTree = "<group>"; };
		5E787B3D2A1A185B002CFA4F /* Preview Assets.xcassets */ = {isa = PBXFileReference; lastKnownFileType = folder.assetcatalog; path = "Preview Assets.xcassets"; sourceTree = "<group>"; };
		5EE3D8EC2ACEADE000EB584D /* RectangleImage.swift */ = {isa = PBXFileReference; lastKnownFileType = sourcecode.swift; path = RectangleImage.swift; sourceTree = "<group>"; };
		5EE3D8EE2ACEAE0400EB584D /* CircleImage.swift */ = {isa = PBXFileReference; lastKnownFileType = sourcecode.swift; path = CircleImage.swift; sourceTree = "<group>"; };
		5EE3D8F02ACEAEA300EB584D /* Question.swift */ = {isa = PBXFileReference; lastKnownFileType = sourcecode.swift; path = Question.swift; sourceTree = "<group>"; };
		5EE3D8F22ACEAF3700EB584D /* QuestionView.swift */ = {isa = PBXFileReference; lastKnownFileType = sourcecode.swift; path = QuestionView.swift; sourceTree = "<group>"; };
/* End PBXFileReference section */

/* Begin PBXFrameworksBuildPhase section */
		5E787B302A1A185A002CFA4F /* Frameworks */ = {
			isa = PBXFrameworksBuildPhase;
			buildActionMask = 2147483647;
			files = (
			);
			runOnlyForDeploymentPostprocessing = 0;
		};
/* End PBXFrameworksBuildPhase section */

/* Begin PBXGroup section */
		5E787B2A2A1A1859002CFA4F = {
			isa = PBXGroup;
			children = (
				5E787B352A1A185A002CFA4F /* Funtiply */,
				5E787B342A1A185A002CFA4F /* Products */,
			);
			sourceTree = "<group>";
		};
		5E787B342A1A185A002CFA4F /* Products */ = {
			isa = PBXGroup;
			children = (
				5E787B332A1A185A002CFA4F /* Funtiply.app */,
			);
			name = Products;
			sourceTree = "<group>";
		};
		5E787B352A1A185A002CFA4F /* Funtiply */ = {
			isa = PBXGroup;
			children = (
				5E787B362A1A185A002CFA4F /* FuntiplyApp.swift */,
				5E787B382A1A185A002CFA4F /* ContentView.swift */,
				5EE3D8EE2ACEAE0400EB584D /* CircleImage.swift */,
				5EE3D8EC2ACEADE000EB584D /* RectangleImage.swift */,
				5EE3D8F22ACEAF3700EB584D /* QuestionView.swift */,
				5EE3D8F02ACEAEA300EB584D /* Question.swift */,
				5E787B3A2A1A185B002CFA4F /* Assets.xcassets */,
				5E787B3C2A1A185B002CFA4F /* Preview Content */,
			);
			path = Funtiply;
			sourceTree = "<group>";
		};
		5E787B3C2A1A185B002CFA4F /* Preview Content */ = {
			isa = PBXGroup;
			children = (
				5E787B3D2A1A185B002CFA4F /* Preview Assets.xcassets */,
			);
			path = "Preview Content";
			sourceTree = "<group>";
		};
/* End PBXGroup section */

/* Begin PBXNativeTarget section */
		5E787B322A1A185A002CFA4F /* Funtiply */ = {
			isa = PBXNativeTarget;
			buildConfigurationList = 5E787B412A1A185B002CFA4F /* Build configuration list for PBXNativeTarget "Funtiply" */;
			buildPhases = (
				5E787B2F2A1A185A002CFA4F /* Sources */,
				5E787B302A1A185A002CFA4F /* Frameworks */,
				5E787B312A1A185A002CFA4F /* Resources */,
			);
			buildRules = (
			);
			dependencies = (
			);
			name = Funtiply;
			productName = Funtiply;
			productReference = 5E787B332A1A185A002CFA4F /* Funtiply.app */;
			productType = "com.apple.product-type.application";
		};
/* End PBXNativeTarget section */

/* Begin PBXProject section */
		5E787B2B2A1A1859002CFA4F /* Project object */ = {
			isa = PBXProject;
			attributes = {
				BuildIndependentTargetsInParallel = 1;
				LastSwiftUpdateCheck = 1430;
				LastUpgradeCheck = 1500;
				TargetAttributes = {
					5E787B322A1A185A002CFA4F = {
						CreatedOnToolsVersion = 14.3;
					};
				};
			};
			buildConfigurationList = 5E787B2E2A1A185A002CFA4F /* Build configuration list for PBXProject "Funtiply" */;
			compatibilityVersion = "Xcode 14.0";
			developmentRegion = en;
			hasScannedForEncodings = 0;
			knownRegions = (
				en,
				Base,
			);
			mainGroup = 5E787B2A2A1A1859002CFA4F;
			productRefGroup = 5E787B342A1A185A002CFA4F /* Products */;
			projectDirPath = "";
			projectRoot = "";
			targets = (
				5E787B322A1A185A002CFA4F /* Funtiply */,
			);
		};
/* End PBXProject section */

/* Begin PBXResourcesBuildPhase section */
		5E787B312A1A185A002CFA4F /* Resources */ = {
			isa = PBXResourcesBuildPhase;
			buildActionMask = 2147483647;
			files = (
				5E787B3E2A1A185B002CFA4F /* Preview Assets.xcassets in Resources */,
				5E787B3B2A1A185B002CFA4F /* Assets.xcassets in Resources */,
			);
			runOnlyForDeploymentPostprocessing = 0;
		};
/* End PBXResourcesBuildPhase section */

/* Begin PBXSourcesBuildPhase section */
		5E787B2F2A1A185A002CFA4F /* Sources */ = {
			isa = PBXSourcesBuildPhase;
			buildActionMask = 2147483647;
			files = (
				5EE3D8F12ACEAEA300EB584D /* Question.swift in Sources */,
				5E787B392A1A185A002CFA4F /* ContentView.swift in Sources */,
				5EE3D8EF2ACEAE0400EB584D /* CircleImage.swift in Sources */,
				5EE3D8ED2ACEADE000EB584D /* RectangleImage.swift in Sources */,
				5EE3D8F32ACEAF3700EB584D /* QuestionView.swift in Sources */,
				5E787B372A1A185A002CFA4F /* FuntiplyApp.swift in Sources */,
			);
			runOnlyForDeploymentPostprocessing = 0;
		};
/* End PBXSourcesBuildPhase section */

/* Begin XCBuildConfiguration section */
		5E787B3F2A1A185B002CFA4F /* Debug */ = {
			isa = XCBuildConfiguration;
			buildSettings = {
				ALWAYS_SEARCH_USER_PATHS = NO;
				CLANG_ANALYZER_NONNULL = YES;
				CLANG_ANALYZER_NUMBER_OBJECT_CONVERSION = YES_AGGRESSIVE;
				CLANG_CXX_LANGUAGE_STANDARD = "gnu++20";
				CLANG_ENABLE_MODULES = YES;
				CLANG_ENABLE_OBJC_ARC = YES;
				CLANG_ENABLE_OBJC_WEAK = YES;
				CLANG_WARN_BLOCK_CAPTURE_AUTORELEASING = YES;
				CLANG_WARN_BOOL_CONVERSION = YES;
				CLANG_WARN_COMMA = YES;
				CLANG_WARN_CONSTANT_CONVERSION = YES;
				CLANG_WARN_DEPRECATED_OBJC_IMPLEMENTATIONS = YES;
				CLANG_WARN_DIRECT_OBJC_ISA_USAGE = YES_ERROR;
				CLANG_WARN_DOCUMENTATION_COMMENTS = YES;
				CLANG_WARN_EMPTY_BODY = YES;
				CLANG_WARN_ENUM_CONVERSION = YES;
				CLANG_WARN_INFINITE_RECURSION = YES;
				CLANG_WARN_INT_CONVERSION = YES;
				CLANG_WARN_NON_LITERAL_NULL_CONVERSION = YES;
				CLANG_WARN_OBJC_IMPLICIT_RETAIN_SELF = YES;
				CLANG_WARN_OBJC_LITERAL_CONVERSION = YES;
				CLANG_WARN_OBJC_ROOT_CLASS = YES_ERROR;
				CLANG_WARN_QUOTED_INCLUDE_IN_FRAMEWORK_HEADER = YES;
				CLANG_WARN_RANGE_LOOP_ANALYSIS = YES;
				CLANG_WARN_STRICT_PROTOTYPES = YES;
				CLANG_WARN_SUSPICIOUS_MOVE = YES;
				CLANG_WARN_UNGUARDED_AVAILABILITY = YES_AGGRESSIVE;
				CLANG_WARN_UNREACHABLE_CODE = YES;
				CLANG_WARN__DUPLICATE_METHOD_MATCH = YES;
				COPY_PHASE_STRIP = NO;
				DEBUG_INFORMATION_FORMAT = dwarf;
				ENABLE_STRICT_OBJC_MSGSEND = YES;
				ENABLE_TESTABILITY = YES;
				ENABLE_USER_SCRIPT_SANDBOXING = YES;
				GCC_C_LANGUAGE_STANDARD = gnu11;
				GCC_DYNAMIC_NO_PIC = NO;
				GCC_NO_COMMON_BLOCKS = YES;
				GCC_OPTIMIZATION_LEVEL = 0;
				GCC_PREPROCESSOR_DEFINITIONS = (
					"DEBUG=1",
					"$(inherited)",
				);
				GCC_WARN_64_TO_32_BIT_CONVERSION = YES;
				GCC_WARN_ABOUT_RETURN_TYPE = YES_ERROR;
				GCC_WARN_UNDECLARED_SELECTOR = YES;
				GCC_WARN_UNINITIALIZED_AUTOS = YES_AGGRESSIVE;
				GCC_WARN_UNUSED_FUNCTION = YES;
				GCC_WARN_UNUSED_VARIABLE = YES;
				IPHONEOS_DEPLOYMENT_TARGET = 15.0;
				MTL_ENABLE_DEBUG_INFO = INCLUDE_SOURCE;
				MTL_FAST_MATH = YES;
				ONLY_ACTIVE_ARCH = YES;
				SDKROOT = iphoneos;
				SWIFT_ACTIVE_COMPILATION_CONDITIONS = DEBUG;
				SWIFT_OPTIMIZATION_LEVEL = "-Onone";
			};
			name = Debug;
		};
		5E787B402A1A185B002CFA4F /* Release */ = {
			isa = XCBuildConfiguration;
			buildSettings = {
				ALWAYS_SEARCH_USER_PATHS = NO;
				CLANG_ANALYZER_NONNULL = YES;
				CLANG_ANALYZER_NUMBER_OBJECT_CONVERSION = YES_AGGRESSIVE;
				CLANG_CXX_LANGUAGE_STANDARD = "gnu++20";
				CLANG_ENABLE_MODULES = YES;
				CLANG_ENABLE_OBJC_ARC = YES;
				CLANG_ENABLE_OBJC_WEAK = YES;
				CLANG_WARN_BLOCK_CAPTURE_AUTORELEASING = YES;
				CLANG_WARN_BOOL_CONVERSION = YES;
				CLANG_WARN_COMMA = YES;
				CLANG_WARN_CONSTANT_CONVERSION = YES;
				CLANG_WARN_DEPRECATED_OBJC_IMPLEMENTATIONS = YES;
				CLANG_WARN_DIRECT_OBJC_ISA_USAGE = YES_ERROR;
				CLANG_WARN_DOCUMENTATION_COMMENTS = YES;
				CLANG_WARN_EMPTY_BODY = YES;
				CLANG_WARN_ENUM_CONVERSION = YES;
				CLANG_WARN_INFINITE_RECURSION = YES;
				CLANG_WARN_INT_CONVERSION = YES;
				CLANG_WARN_NON_LITERAL_NULL_CONVERSION = YES;
				CLANG_WARN_OBJC_IMPLICIT_RETAIN_SELF = YES;
				CLANG_WARN_OBJC_LITERAL_CONVERSION = YES;
				CLANG_WARN_OBJC_ROOT_CLASS = YES_ERROR;
				CLANG_WARN_QUOTED_INCLUDE_IN_FRAMEWORK_HEADER = YES;
				CLANG_WARN_RANGE_LOOP_ANALYSIS = YES;
				CLANG_WARN_STRICT_PROTOTYPES = YES;
				CLANG_WARN_SUSPICIOUS_MOVE = YES;
				CLANG_WARN_UNGUARDED_AVAILABILITY = YES_AGGRESSIVE;
				CLANG_WARN_UNREACHABLE_CODE = YES;
				CLANG_WARN__DUPLICATE_METHOD_MATCH = YES;
				COPY_PHASE_STRIP = NO;
				DEBUG_INFORMATION_FORMAT = "dwarf-with-dsym";
				ENABLE_NS_ASSERTIONS = NO;
				ENABLE_STRICT_OBJC_MSGSEND = YES;
				ENABLE_USER_SCRIPT_SANDBOXING = YES;
				GCC_C_LANGUAGE_STANDARD = gnu11;
				GCC_NO_COMMON_BLOCKS = YES;
				GCC_WARN_64_TO_32_BIT_CONVERSION = YES;
				GCC_WARN_ABOUT_RETURN_TYPE = YES_ERROR;
				GCC_WARN_UNDECLARED_SELECTOR = YES;
				GCC_WARN_UNINITIALIZED_AUTOS = YES_AGGRESSIVE;
				GCC_WARN_UNUSED_FUNCTION = YES;
				GCC_WARN_UNUSED_VARIABLE = YES;
				IPHONEOS_DEPLOYMENT_TARGET = 15.0;
				MTL_ENABLE_DEBUG_INFO = NO;
				MTL_FAST_MATH = YES;
				SDKROOT = iphoneos;
				SWIFT_COMPILATION_MODE = wholemodule;
				SWIFT_OPTIMIZATION_LEVEL = "-O";
				VALIDATE_PRODUCT = YES;
			};
			name = Release;
		};
		5E787B422A1A185B002CFA4F /* Debug */ = {
			isa = XCBuildConfiguration;
			buildSettings = {
				ASSETCATALOG_COMPILER_APPICON_NAME = AppIcon;
				ASSETCATALOG_COMPILER_GLOBAL_ACCENT_COLOR_NAME = AccentColor;
				CODE_SIGN_STYLE = Automatic;
				CURRENT_PROJECT_VERSION = 1;
				DEVELOPMENT_ASSET_PATHS = "\"Funtiply/Preview Content\"";
				DEVELOPMENT_TEAM = 44Y84K5426;
				ENABLE_PREVIEWS = YES;
				GENERATE_INFOPLIST_FILE = YES;
				INFOPLIST_KEY_UIApplicationSceneManifest_Generation = YES;
				INFOPLIST_KEY_UIApplicationSupportsIndirectInputEvents = YES;
				INFOPLIST_KEY_UILaunchScreen_Generation = YES;
				INFOPLIST_KEY_UISupportedInterfaceOrientations_iPad = "UIInterfaceOrientationPortrait UIInterfaceOrientationPortraitUpsideDown UIInterfaceOrientationLandscapeLeft UIInterfaceOrientationLandscapeRight";
				INFOPLIST_KEY_UISupportedInterfaceOrientations_iPhone = "UIInterfaceOrientationPortrait UIInterfaceOrientationLandscapeLeft UIInterfaceOrientationLandscapeRight";
				LD_RUNPATH_SEARCH_PATHS = (
					"$(inherited)",
					"@executable_path/Frameworks",
				);
				MARKETING_VERSION = 1.0;
				PRODUCT_BUNDLE_IDENTIFIER = furkido.Funtiply;
				PRODUCT_NAME = "$(TARGET_NAME)";
				SWIFT_EMIT_LOC_STRINGS = YES;
				SWIFT_VERSION = 5.0;
				TARGETED_DEVICE_FAMILY = "1,2";
			};
			name = Debug;
		};
		5E787B432A1A185B002CFA4F /* Release */ = {
			isa = XCBuildConfiguration;
			buildSettings = {
				ASSETCATALOG_COMPILER_APPICON_NAME = AppIcon;
				ASSETCATALOG_COMPILER_GLOBAL_ACCENT_COLOR_NAME = AccentColor;
				CODE_SIGN_STYLE = Automatic;
				CURRENT_PROJECT_VERSION = 1;
				DEVELOPMENT_ASSET_PATHS = "\"Funtiply/Preview Content\"";
				DEVELOPMENT_TEAM = 44Y84K5426;
				ENABLE_PREVIEWS = YES;
				GENERATE_INFOPLIST_FILE = YES;
				INFOPLIST_KEY_UIApplicationSceneManifest_Generation = YES;
				INFOPLIST_KEY_UIApplicationSupportsIndirectInputEvents = YES;
				INFOPLIST_KEY_UILaunchScreen_Generation = YES;
				INFOPLIST_KEY_UISupportedInterfaceOrientations_iPad = "UIInterfaceOrientationPortrait UIInterfaceOrientationPortraitUpsideDown UIInterfaceOrientationLandscapeLeft UIInterfaceOrientationLandscapeRight";
				INFOPLIST_KEY_UISupportedInterfaceOrientations_iPhone = "UIInterfaceOrientationPortrait UIInterfaceOrientationLandscapeLeft UIInterfaceOrientationLandscapeRight";
				LD_RUNPATH_SEARCH_PATHS = (
					"$(inherited)",
					"@executable_path/Frameworks",
				);
				MARKETING_VERSION = 1.0;
				PRODUCT_BUNDLE_IDENTIFIER = furkido.Funtiply;
				PRODUCT_NAME = "$(TARGET_NAME)";
				SWIFT_EMIT_LOC_STRINGS = YES;
				SWIFT_VERSION = 5.0;
				TARGETED_DEVICE_FAMILY = "1,2";
			};
			name = Release;
		};
/* End XCBuildConfiguration section */

/* Begin XCConfigurationList section */
		5E787B2E2A1A185A002CFA4F /* Build configuration list for PBXProject "Funtiply" */ = {
			isa = XCConfigurationList;
			buildConfigurations = (
				5E787B3F2A1A185B002CFA4F /* Debug */,
				5E787B402A1A185B002CFA4F /* Release */,
			);
			defaultConfigurationIsVisible = 0;
			defaultConfigurationName = Release;
		};
		5E787B412A1A185B002CFA4F /* Build configuration list for PBXNativeTarget "Funtiply" */ = {
			isa = XCConfigurationList;
			buildConfigurations = (
				5E787B422A1A185B002CFA4F /* Debug */,
				5E787B432A1A185B002CFA4F /* Release */,
			);
			defaultConfigurationIsVisible = 0;
			defaultConfigurationName = Release;
		};
/* End XCConfigurationList section */
	};
	rootObject = 5E787B2B2A1A1859002CFA4F /* Project object */;
}
